// !$*UTF8*$!
{
	archiveVersion = 1;
	classes = {
	};
	objectVersion = 56;
	objects = {

/* Begin PBXBuildFile section */
		816F279A2A9503E7007FE7A8 /* Issue-CoreDataHelper.swift in Sources */ = {isa = PBXBuildFile; fileRef = 816F27992A9503E7007FE7A8 /* Issue-CoreDataHelper.swift */; };
		816F279C2A9503F0007FE7A8 /* Tag-CoreDataHelper.swift in Sources */ = {isa = PBXBuildFile; fileRef = 816F279B2A9503F0007FE7A8 /* Tag-CoreDataHelper.swift */; };
		816F279F2A95140E007FE7A8 /* IssueRow.swift in Sources */ = {isa = PBXBuildFile; fileRef = 816F279E2A95140E007FE7A8 /* IssueRow.swift */; };
		816F27A12A95295D007FE7A8 /* IssueView.swift in Sources */ = {isa = PBXBuildFile; fileRef = 816F27A02A95295D007FE7A8 /* IssueView.swift */; };
		816F27A32A952963007FE7A8 /* NoIssueView.swift in Sources */ = {isa = PBXBuildFile; fileRef = 816F27A22A952963007FE7A8 /* NoIssueView.swift */; };
		81A351562A912F92004AAF2D /* FeedbackCopyApp.swift in Sources */ = {isa = PBXBuildFile; fileRef = 81A351552A912F92004AAF2D /* FeedbackCopyApp.swift */; };
		81A351582A912F92004AAF2D /* ContentView.swift in Sources */ = {isa = PBXBuildFile; fileRef = 81A351572A912F92004AAF2D /* ContentView.swift */; };
		81A3515A2A912F94004AAF2D /* Assets.xcassets in Resources */ = {isa = PBXBuildFile; fileRef = 81A351592A912F94004AAF2D /* Assets.xcassets */; };
		81A3515E2A912F94004AAF2D /* Preview Assets.xcassets in Resources */ = {isa = PBXBuildFile; fileRef = 81A3515D2A912F94004AAF2D /* Preview Assets.xcassets */; };
		81A351662A9133E9004AAF2D /* Main.xcdatamodeld in Sources */ = {isa = PBXBuildFile; fileRef = 81A351642A9133E9004AAF2D /* Main.xcdatamodeld */; };
		81A351682A91368B004AAF2D /* DataController.swift in Sources */ = {isa = PBXBuildFile; fileRef = 81A351672A91368B004AAF2D /* DataController.swift */; };
		81A3516C2A917A19004AAF2D /* SidebarView.swift in Sources */ = {isa = PBXBuildFile; fileRef = 81A3516B2A917A19004AAF2D /* SidebarView.swift */; };
		81A3516E2A917A37004AAF2D /* DetailView.swift in Sources */ = {isa = PBXBuildFile; fileRef = 81A3516D2A917A37004AAF2D /* DetailView.swift */; };
		81A351702A917B1A004AAF2D /* Filter.swift in Sources */ = {isa = PBXBuildFile; fileRef = 81A3516F2A917B1A004AAF2D /* Filter.swift */; };
/* End PBXBuildFile section */

/* Begin PBXFileReference section */
		816F27992A9503E7007FE7A8 /* Issue-CoreDataHelper.swift */ = {isa = PBXFileReference; lastKnownFileType = sourcecode.swift; path = "Issue-CoreDataHelper.swift"; sourceTree = "<group>"; };
		816F279B2A9503F0007FE7A8 /* Tag-CoreDataHelper.swift */ = {isa = PBXFileReference; lastKnownFileType = sourcecode.swift; path = "Tag-CoreDataHelper.swift"; sourceTree = "<group>"; };
		816F279E2A95140E007FE7A8 /* IssueRow.swift */ = {isa = PBXFileReference; lastKnownFileType = sourcecode.swift; path = IssueRow.swift; sourceTree = "<group>"; };
		816F27A02A95295D007FE7A8 /* IssueView.swift */ = {isa = PBXFileReference; lastKnownFileType = sourcecode.swift; path = IssueView.swift; sourceTree = "<group>"; };
		816F27A22A952963007FE7A8 /* NoIssueView.swift */ = {isa = PBXFileReference; lastKnownFileType = sourcecode.swift; path = NoIssueView.swift; sourceTree = "<group>"; };
		81A351522A912F92004AAF2D /* FeedbackCopy.app */ = {isa = PBXFileReference; explicitFileType = wrapper.application; includeInIndex = 0; path = FeedbackCopy.app; sourceTree = BUILT_PRODUCTS_DIR; };
		81A351552A912F92004AAF2D /* FeedbackCopyApp.swift */ = {isa = PBXFileReference; lastKnownFileType = sourcecode.swift; path = FeedbackCopyApp.swift; sourceTree = "<group>"; };
		81A351572A912F92004AAF2D /* ContentView.swift */ = {isa = PBXFileReference; lastKnownFileType = sourcecode.swift; path = ContentView.swift; sourceTree = "<group>"; };
		81A351592A912F94004AAF2D /* Assets.xcassets */ = {isa = PBXFileReference; lastKnownFileType = folder.assetcatalog; path = Assets.xcassets; sourceTree = "<group>"; };
		81A3515B2A912F94004AAF2D /* FeedbackCopy.entitlements */ = {isa = PBXFileReference; lastKnownFileType = text.plist.entitlements; path = FeedbackCopy.entitlements; sourceTree = "<group>"; };
		81A3515D2A912F94004AAF2D /* Preview Assets.xcassets */ = {isa = PBXFileReference; lastKnownFileType = folder.assetcatalog; path = "Preview Assets.xcassets"; sourceTree = "<group>"; };
		81A351652A9133E9004AAF2D /* Main.xcdatamodel */ = {isa = PBXFileReference; lastKnownFileType = wrapper.xcdatamodel; path = Main.xcdatamodel; sourceTree = "<group>"; };
		81A351672A91368B004AAF2D /* DataController.swift */ = {isa = PBXFileReference; lastKnownFileType = sourcecode.swift; path = DataController.swift; sourceTree = "<group>"; };
		81A351692A913C37004AAF2D /* Info.plist */ = {isa = PBXFileReference; lastKnownFileType = text.plist; path = Info.plist; sourceTree = "<group>"; };
		81A3516B2A917A19004AAF2D /* SidebarView.swift */ = {isa = PBXFileReference; lastKnownFileType = sourcecode.swift; path = SidebarView.swift; sourceTree = "<group>"; };
		81A3516D2A917A37004AAF2D /* DetailView.swift */ = {isa = PBXFileReference; lastKnownFileType = sourcecode.swift; path = DetailView.swift; sourceTree = "<group>"; };
		81A3516F2A917B1A004AAF2D /* Filter.swift */ = {isa = PBXFileReference; lastKnownFileType = sourcecode.swift; path = Filter.swift; sourceTree = "<group>"; };
/* End PBXFileReference section */

/* Begin PBXFrameworksBuildPhase section */
		81A3514F2A912F92004AAF2D /* Frameworks */ = {
			isa = PBXFrameworksBuildPhase;
			buildActionMask = 2147483647;
			files = (
			);
			runOnlyForDeploymentPostprocessing = 0;
		};
/* End PBXFrameworksBuildPhase section */

/* Begin PBXGroup section */
		816F27A42A952978007FE7A8 /* IssueViews */ = {
			isa = PBXGroup;
			children = (
				816F27A02A95295D007FE7A8 /* IssueView.swift */,
				816F279E2A95140E007FE7A8 /* IssueRow.swift */,
				816F27A22A952963007FE7A8 /* NoIssueView.swift */,
			);
			path = IssueViews;
			sourceTree = "<group>";
		};
		81A351492A912F92004AAF2D = {
			isa = PBXGroup;
			children = (
				81A351542A912F92004AAF2D /* FeedbackCopy */,
				81A351532A912F92004AAF2D /* Products */,
			);
			sourceTree = "<group>";
		};
		81A351532A912F92004AAF2D /* Products */ = {
			isa = PBXGroup;
			children = (
				81A351522A912F92004AAF2D /* FeedbackCopy.app */,
			);
			name = Products;
			sourceTree = "<group>";
		};
		81A351542A912F92004AAF2D /* FeedbackCopy */ = {
			isa = PBXGroup;
			children = (
				81A351692A913C37004AAF2D /* Info.plist */,
				81A3516F2A917B1A004AAF2D /* Filter.swift */,
				81A351552A912F92004AAF2D /* FeedbackCopyApp.swift */,
				816F27A42A952978007FE7A8 /* IssueViews */,
				81A351712A917C5D004AAF2D /* Views */,
				81A3516A2A917A09004AAF2D /* DataController */,
				81A351592A912F94004AAF2D /* Assets.xcassets */,
				81A3515B2A912F94004AAF2D /* FeedbackCopy.entitlements */,
				81A3515C2A912F94004AAF2D /* Preview Content */,
			);
			path = FeedbackCopy;
			sourceTree = "<group>";
		};
		81A3515C2A912F94004AAF2D /* Preview Content */ = {
			isa = PBXGroup;
			children = (
				81A3515D2A912F94004AAF2D /* Preview Assets.xcassets */,
			);
			path = "Preview Content";
			sourceTree = "<group>";
		};
		81A3516A2A917A09004AAF2D /* DataController */ = {
			isa = PBXGroup;
			children = (
				81A351642A9133E9004AAF2D /* Main.xcdatamodeld */,
				81A351672A91368B004AAF2D /* DataController.swift */,
				816F27992A9503E7007FE7A8 /* Issue-CoreDataHelper.swift */,
				816F279B2A9503F0007FE7A8 /* Tag-CoreDataHelper.swift */,
			);
			path = DataController;
			sourceTree = "<group>";
		};
		81A351712A917C5D004AAF2D /* Views */ = {
			isa = PBXGroup;
			children = (
				81A351572A912F92004AAF2D /* ContentView.swift */,
				81A3516D2A917A37004AAF2D /* DetailView.swift */,
				81A3516B2A917A19004AAF2D /* SidebarView.swift */,
			);
			path = Views;
			sourceTree = "<group>";
		};
/* End PBXGroup section */

/* Begin PBXNativeTarget section */
		81A351512A912F92004AAF2D /* FeedbackCopy */ = {
			isa = PBXNativeTarget;
			buildConfigurationList = 81A351612A912F94004AAF2D /* Build configuration list for PBXNativeTarget "FeedbackCopy" */;
			buildPhases = (
				81A3514E2A912F92004AAF2D /* Sources */,
				81A3514F2A912F92004AAF2D /* Frameworks */,
				81A351502A912F92004AAF2D /* Resources */,
				816F279D2A950A04007FE7A8 /* SwiftLint */,
			);
			buildRules = (
			);
			dependencies = (
			);
			name = FeedbackCopy;
			productName = FeedbackCopy;
			productReference = 81A351522A912F92004AAF2D /* FeedbackCopy.app */;
			productType = "com.apple.product-type.application";
		};
/* End PBXNativeTarget section */

/* Begin PBXProject section */
		81A3514A2A912F92004AAF2D /* Project object */ = {
			isa = PBXProject;
			attributes = {
				BuildIndependentTargetsInParallel = 1;
				LastSwiftUpdateCheck = 1430;
				LastUpgradeCheck = 1430;
				TargetAttributes = {
					81A351512A912F92004AAF2D = {
						CreatedOnToolsVersion = 14.3.1;
					};
				};
			};
			buildConfigurationList = 81A3514D2A912F92004AAF2D /* Build configuration list for PBXProject "FeedbackCopy" */;
			compatibilityVersion = "Xcode 14.0";
			developmentRegion = en;
			hasScannedForEncodings = 0;
			knownRegions = (
				en,
				Base,
			);
			mainGroup = 81A351492A912F92004AAF2D;
			productRefGroup = 81A351532A912F92004AAF2D /* Products */;
			projectDirPath = "";
			projectRoot = "";
			targets = (
				81A351512A912F92004AAF2D /* FeedbackCopy */,
			);
		};
/* End PBXProject section */

/* Begin PBXResourcesBuildPhase section */
		81A351502A912F92004AAF2D /* Resources */ = {
			isa = PBXResourcesBuildPhase;
			buildActionMask = 2147483647;
			files = (
				81A3515E2A912F94004AAF2D /* Preview Assets.xcassets in Resources */,
				81A3515A2A912F94004AAF2D /* Assets.xcassets in Resources */,
			);
			runOnlyForDeploymentPostprocessing = 0;
		};
/* End PBXResourcesBuildPhase section */

/* Begin PBXShellScriptBuildPhase section */
		816F279D2A950A04007FE7A8 /* SwiftLint */ = {
			isa = PBXShellScriptBuildPhase;
			alwaysOutOfDate = 1;
			buildActionMask = 2147483647;
			files = (
			);
			inputFileListPaths = (
			);
			inputPaths = (
			);
			name = SwiftLint;
			outputFileListPaths = (
			);
			outputPaths = (
			);
			runOnlyForDeploymentPostprocessing = 0;
			shellPath = /bin/sh;
			shellScript = "# Type a script or drag a script file from your workspace to insert its path.\nif [[ \"$(uname -m)\" == arm64 ]]; then\n    export PATH=\"/opt/homebrew/bin:$PATH\"\nfi\n\nif which swiftlint > /dev/null; then\n  swiftlint\nelse\n  echo \"warning: SwiftLint not installed, download from https://github.com/realm/SwiftLint\"\nfi\n";
		};
/* End PBXShellScriptBuildPhase section */

/* Begin PBXSourcesBuildPhase section */
		81A3514E2A912F92004AAF2D /* Sources */ = {
			isa = PBXSourcesBuildPhase;
			buildActionMask = 2147483647;
			files = (
				81A351702A917B1A004AAF2D /* Filter.swift in Sources */,
				81A351662A9133E9004AAF2D /* Main.xcdatamodeld in Sources */,
				81A3516E2A917A37004AAF2D /* DetailView.swift in Sources */,
				81A351682A91368B004AAF2D /* DataController.swift in Sources */,
				81A3516C2A917A19004AAF2D /* SidebarView.swift in Sources */,
				81A351582A912F92004AAF2D /* ContentView.swift in Sources */,
				816F279A2A9503E7007FE7A8 /* Issue-CoreDataHelper.swift in Sources */,
				816F279C2A9503F0007FE7A8 /* Tag-CoreDataHelper.swift in Sources */,
				816F27A12A95295D007FE7A8 /* IssueView.swift in Sources */,
				816F27A32A952963007FE7A8 /* NoIssueView.swift in Sources */,
				816F279F2A95140E007FE7A8 /* IssueRow.swift in Sources */,
				81A351562A912F92004AAF2D /* FeedbackCopyApp.swift in Sources */,
			);
			runOnlyForDeploymentPostprocessing = 0;
		};
/* End PBXSourcesBuildPhase section */

/* Begin XCBuildConfiguration section */
		81A3515F2A912F94004AAF2D /* Debug */ = {
			isa = XCBuildConfiguration;
			buildSettings = {
				ALWAYS_SEARCH_USER_PATHS = NO;
				CLANG_ANALYZER_NONNULL = YES;
				CLANG_ANALYZER_NUMBER_OBJECT_CONVERSION = YES_AGGRESSIVE;
				CLANG_CXX_LANGUAGE_STANDARD = "gnu++20";
				CLANG_ENABLE_MODULES = YES;
				CLANG_ENABLE_OBJC_ARC = YES;
				CLANG_ENABLE_OBJC_WEAK = YES;
				CLANG_WARN_BLOCK_CAPTURE_AUTORELEASING = YES;
				CLANG_WARN_BOOL_CONVERSION = YES;
				CLANG_WARN_COMMA = YES;
				CLANG_WARN_CONSTANT_CONVERSION = YES;
				CLANG_WARN_DEPRECATED_OBJC_IMPLEMENTATIONS = YES;
				CLANG_WARN_DIRECT_OBJC_ISA_USAGE = YES_ERROR;
				CLANG_WARN_DOCUMENTATION_COMMENTS = YES;
				CLANG_WARN_EMPTY_BODY = YES;
				CLANG_WARN_ENUM_CONVERSION = YES;
				CLANG_WARN_INFINITE_RECURSION = YES;
				CLANG_WARN_INT_CONVERSION = YES;
				CLANG_WARN_NON_LITERAL_NULL_CONVERSION = YES;
				CLANG_WARN_OBJC_IMPLICIT_RETAIN_SELF = YES;
				CLANG_WARN_OBJC_LITERAL_CONVERSION = YES;
				CLANG_WARN_OBJC_ROOT_CLASS = YES_ERROR;
				CLANG_WARN_QUOTED_INCLUDE_IN_FRAMEWORK_HEADER = YES;
				CLANG_WARN_RANGE_LOOP_ANALYSIS = YES;
				CLANG_WARN_STRICT_PROTOTYPES = YES;
				CLANG_WARN_SUSPICIOUS_MOVE = YES;
				CLANG_WARN_UNGUARDED_AVAILABILITY = YES_AGGRESSIVE;
				CLANG_WARN_UNREACHABLE_CODE = YES;
				CLANG_WARN__DUPLICATE_METHOD_MATCH = YES;
				COPY_PHASE_STRIP = NO;
				DEBUG_INFORMATION_FORMAT = dwarf;
				ENABLE_STRICT_OBJC_MSGSEND = YES;
				ENABLE_TESTABILITY = YES;
				GCC_C_LANGUAGE_STANDARD = gnu11;
				GCC_DYNAMIC_NO_PIC = NO;
				GCC_NO_COMMON_BLOCKS = YES;
				GCC_OPTIMIZATION_LEVEL = 0;
				GCC_PREPROCESSOR_DEFINITIONS = (
					"DEBUG=1",
					"$(inherited)",
				);
				GCC_WARN_64_TO_32_BIT_CONVERSION = YES;
				GCC_WARN_ABOUT_RETURN_TYPE = YES_ERROR;
				GCC_WARN_UNDECLARED_SELECTOR = YES;
				GCC_WARN_UNINITIALIZED_AUTOS = YES_AGGRESSIVE;
				GCC_WARN_UNUSED_FUNCTION = YES;
				GCC_WARN_UNUSED_VARIABLE = YES;
				MTL_ENABLE_DEBUG_INFO = INCLUDE_SOURCE;
				MTL_FAST_MATH = YES;
				ONLY_ACTIVE_ARCH = YES;
				SWIFT_ACTIVE_COMPILATION_CONDITIONS = DEBUG;
				SWIFT_OPTIMIZATION_LEVEL = "-Onone";
			};
			name = Debug;
		};
		81A351602A912F94004AAF2D /* Release */ = {
			isa = XCBuildConfiguration;
			buildSettings = {
				ALWAYS_SEARCH_USER_PATHS = NO;
				CLANG_ANALYZER_NONNULL = YES;
				CLANG_ANALYZER_NUMBER_OBJECT_CONVERSION = YES_AGGRESSIVE;
				CLANG_CXX_LANGUAGE_STANDARD = "gnu++20";
				CLANG_ENABLE_MODULES = YES;
				CLANG_ENABLE_OBJC_ARC = YES;
				CLANG_ENABLE_OBJC_WEAK = YES;
				CLANG_WARN_BLOCK_CAPTURE_AUTORELEASING = YES;
				CLANG_WARN_BOOL_CONVERSION = YES;
				CLANG_WARN_COMMA = YES;
				CLANG_WARN_CONSTANT_CONVERSION = YES;
				CLANG_WARN_DEPRECATED_OBJC_IMPLEMENTATIONS = YES;
				CLANG_WARN_DIRECT_OBJC_ISA_USAGE = YES_ERROR;
				CLANG_WARN_DOCUMENTATION_COMMENTS = YES;
				CLANG_WARN_EMPTY_BODY = YES;
				CLANG_WARN_ENUM_CONVERSION = YES;
				CLANG_WARN_INFINITE_RECURSION = YES;
				CLANG_WARN_INT_CONVERSION = YES;
				CLANG_WARN_NON_LITERAL_NULL_CONVERSION = YES;
				CLANG_WARN_OBJC_IMPLICIT_RETAIN_SELF = YES;
				CLANG_WARN_OBJC_LITERAL_CONVERSION = YES;
				CLANG_WARN_OBJC_ROOT_CLASS = YES_ERROR;
				CLANG_WARN_QUOTED_INCLUDE_IN_FRAMEWORK_HEADER = YES;
				CLANG_WARN_RANGE_LOOP_ANALYSIS = YES;
				CLANG_WARN_STRICT_PROTOTYPES = YES;
				CLANG_WARN_SUSPICIOUS_MOVE = YES;
				CLANG_WARN_UNGUARDED_AVAILABILITY = YES_AGGRESSIVE;
				CLANG_WARN_UNREACHABLE_CODE = YES;
				CLANG_WARN__DUPLICATE_METHOD_MATCH = YES;
				COPY_PHASE_STRIP = NO;
				DEBUG_INFORMATION_FORMAT = "dwarf-with-dsym";
				ENABLE_NS_ASSERTIONS = NO;
				ENABLE_STRICT_OBJC_MSGSEND = YES;
				GCC_C_LANGUAGE_STANDARD = gnu11;
				GCC_NO_COMMON_BLOCKS = YES;
				GCC_WARN_64_TO_32_BIT_CONVERSION = YES;
				GCC_WARN_ABOUT_RETURN_TYPE = YES_ERROR;
				GCC_WARN_UNDECLARED_SELECTOR = YES;
				GCC_WARN_UNINITIALIZED_AUTOS = YES_AGGRESSIVE;
				GCC_WARN_UNUSED_FUNCTION = YES;
				GCC_WARN_UNUSED_VARIABLE = YES;
				MTL_ENABLE_DEBUG_INFO = NO;
				MTL_FAST_MATH = YES;
				SWIFT_COMPILATION_MODE = wholemodule;
				SWIFT_OPTIMIZATION_LEVEL = "-O";
			};
			name = Release;
		};
		81A351622A912F94004AAF2D /* Debug */ = {
			isa = XCBuildConfiguration;
			buildSettings = {
				ASSETCATALOG_COMPILER_APPICON_NAME = AppIcon;
				ASSETCATALOG_COMPILER_GLOBAL_ACCENT_COLOR_NAME = AccentColor;
				CODE_SIGN_ENTITLEMENTS = FeedbackCopy/FeedbackCopy.entitlements;
				CODE_SIGN_STYLE = Automatic;
				CURRENT_PROJECT_VERSION = 1;
				DEVELOPMENT_ASSET_PATHS = "\"FeedbackCopy/Preview Content\"";
				DEVELOPMENT_TEAM = Q73WC8F3KU;
				ENABLE_HARDENED_RUNTIME = YES;
				ENABLE_PREVIEWS = YES;
				GENERATE_INFOPLIST_FILE = YES;
				INFOPLIST_FILE = FeedbackCopy/Info.plist;
				"INFOPLIST_KEY_UIApplicationSceneManifest_Generation[sdk=iphoneos*]" = YES;
				"INFOPLIST_KEY_UIApplicationSceneManifest_Generation[sdk=iphonesimulator*]" = YES;
				"INFOPLIST_KEY_UIApplicationSupportsIndirectInputEvents[sdk=iphoneos*]" = YES;
				"INFOPLIST_KEY_UIApplicationSupportsIndirectInputEvents[sdk=iphonesimulator*]" = YES;
				"INFOPLIST_KEY_UILaunchScreen_Generation[sdk=iphoneos*]" = YES;
				"INFOPLIST_KEY_UILaunchScreen_Generation[sdk=iphonesimulator*]" = YES;
				"INFOPLIST_KEY_UIStatusBarStyle[sdk=iphoneos*]" = UIStatusBarStyleDefault;
				"INFOPLIST_KEY_UIStatusBarStyle[sdk=iphonesimulator*]" = UIStatusBarStyleDefault;
				INFOPLIST_KEY_UISupportedInterfaceOrientations_iPad = "UIInterfaceOrientationPortrait UIInterfaceOrientationPortraitUpsideDown UIInterfaceOrientationLandscapeLeft UIInterfaceOrientationLandscapeRight";
				INFOPLIST_KEY_UISupportedInterfaceOrientations_iPhone = "UIInterfaceOrientationPortrait UIInterfaceOrientationLandscapeLeft UIInterfaceOrientationLandscapeRight";
				IPHONEOS_DEPLOYMENT_TARGET = 16.4;
				LD_RUNPATH_SEARCH_PATHS = "@executable_path/Frameworks";
				"LD_RUNPATH_SEARCH_PATHS[sdk=macosx*]" = "@executable_path/../Frameworks";
				MACOSX_DEPLOYMENT_TARGET = 13.3;
				MARKETING_VERSION = 1.0;
				PRODUCT_BUNDLE_IDENTIFIER = FishPeopleApps.FeedbackCopy;
				PRODUCT_NAME = "$(TARGET_NAME)";
				SDKROOT = auto;
				SUPPORTED_PLATFORMS = "iphoneos iphonesimulator macosx";
				SWIFT_EMIT_LOC_STRINGS = YES;
				SWIFT_VERSION = 5.0;
				TARGETED_DEVICE_FAMILY = "1,2";
			};
			name = Debug;
		};
		81A351632A912F94004AAF2D /* Release */ = {
			isa = XCBuildConfiguration;
			buildSettings = {
				ASSETCATALOG_COMPILER_APPICON_NAME = AppIcon;
				ASSETCATALOG_COMPILER_GLOBAL_ACCENT_COLOR_NAME = AccentColor;
				CODE_SIGN_ENTITLEMENTS = FeedbackCopy/FeedbackCopy.entitlements;
				CODE_SIGN_STYLE = Automatic;
				CURRENT_PROJECT_VERSION = 1;
				DEVELOPMENT_ASSET_PATHS = "\"FeedbackCopy/Preview Content\"";
				DEVELOPMENT_TEAM = Q73WC8F3KU;
				ENABLE_HARDENED_RUNTIME = YES;
				ENABLE_PREVIEWS = YES;
				GENERATE_INFOPLIST_FILE = YES;
				INFOPLIST_FILE = FeedbackCopy/Info.plist;
				"INFOPLIST_KEY_UIApplicationSceneManifest_Generation[sdk=iphoneos*]" = YES;
				"INFOPLIST_KEY_UIApplicationSceneManifest_Generation[sdk=iphonesimulator*]" = YES;
				"INFOPLIST_KEY_UIApplicationSupportsIndirectInputEvents[sdk=iphoneos*]" = YES;
				"INFOPLIST_KEY_UIApplicationSupportsIndirectInputEvents[sdk=iphonesimulator*]" = YES;
				"INFOPLIST_KEY_UILaunchScreen_Generation[sdk=iphoneos*]" = YES;
				"INFOPLIST_KEY_UILaunchScreen_Generation[sdk=iphonesimulator*]" = YES;
				"INFOPLIST_KEY_UIStatusBarStyle[sdk=iphoneos*]" = UIStatusBarStyleDefault;
				"INFOPLIST_KEY_UIStatusBarStyle[sdk=iphonesimulator*]" = UIStatusBarStyleDefault;
				INFOPLIST_KEY_UISupportedInterfaceOrientations_iPad = "UIInterfaceOrientationPortrait UIInterfaceOrientationPortraitUpsideDown UIInterfaceOrientationLandscapeLeft UIInterfaceOrientationLandscapeRight";
				INFOPLIST_KEY_UISupportedInterfaceOrientations_iPhone = "UIInterfaceOrientationPortrait UIInterfaceOrientationLandscapeLeft UIInterfaceOrientationLandscapeRight";
				IPHONEOS_DEPLOYMENT_TARGET = 16.4;
				LD_RUNPATH_SEARCH_PATHS = "@executable_path/Frameworks";
				"LD_RUNPATH_SEARCH_PATHS[sdk=macosx*]" = "@executable_path/../Frameworks";
				MACOSX_DEPLOYMENT_TARGET = 13.3;
				MARKETING_VERSION = 1.0;
				PRODUCT_BUNDLE_IDENTIFIER = FishPeopleApps.FeedbackCopy;
				PRODUCT_NAME = "$(TARGET_NAME)";
				SDKROOT = auto;
				SUPPORTED_PLATFORMS = "iphoneos iphonesimulator macosx";
				SWIFT_EMIT_LOC_STRINGS = YES;
				SWIFT_VERSION = 5.0;
				TARGETED_DEVICE_FAMILY = "1,2";
			};
			name = Release;
		};
/* End XCBuildConfiguration section */

/* Begin XCConfigurationList section */
		81A3514D2A912F92004AAF2D /* Build configuration list for PBXProject "FeedbackCopy" */ = {
			isa = XCConfigurationList;
			buildConfigurations = (
				81A3515F2A912F94004AAF2D /* Debug */,
				81A351602A912F94004AAF2D /* Release */,
			);
			defaultConfigurationIsVisible = 0;
			defaultConfigurationName = Release;
		};
		81A351612A912F94004AAF2D /* Build configuration list for PBXNativeTarget "FeedbackCopy" */ = {
			isa = XCConfigurationList;
			buildConfigurations = (
				81A351622A912F94004AAF2D /* Debug */,
				81A351632A912F94004AAF2D /* Release */,
			);
			defaultConfigurationIsVisible = 0;
			defaultConfigurationName = Release;
		};
/* End XCConfigurationList section */

/* Begin XCVersionGroup section */
		81A351642A9133E9004AAF2D /* Main.xcdatamodeld */ = {
			isa = XCVersionGroup;
			children = (
				81A351652A9133E9004AAF2D /* Main.xcdatamodel */,
			);
			currentVersion = 81A351652A9133E9004AAF2D /* Main.xcdatamodel */;
			path = Main.xcdatamodeld;
			sourceTree = "<group>";
			versionGroupType = wrapper.xcdatamodel;
		};
/* End XCVersionGroup section */
	};
	rootObject = 81A3514A2A912F92004AAF2D /* Project object */;
}
